
Microsoft Visual Studio Solution File, Format Version 12.00
# Visual Studio Version 16
VisualStudioVersion = 16.0.29102.190
MinimumVisualStudioVersion = 10.0.40219.1
Project("{FAE04EC0-301F-11D3-BF4B-00C04F79EFBC}") = "RaymondZamora", "RaymondZamora.csproj", "{3E1CA13A-2F50-4470-ABDD-F8DAB6093375}"
EndProject
Global
	GlobalSection(SolutionConfigurationPlatforms) = preSolution
		Debug|Any CPU = Debug|Any CPU
		Release|Any CPU = Release|Any CPU
	EndGlobalSection
	GlobalSection(ProjectConfigurationPlatforms) = postSolution
		{3E1CA13A-2F50-4470-ABDD-F8DAB6093375}.Debug|Any CPU.ActiveCfg = Debug|Any CPU
		{3E1CA13A-2F50-4470-ABDD-F8DAB6093375}.Debug|Any CPU.Build.0 = Debug|Any CPU
		{3E1CA13A-2F50-4470-ABDD-F8DAB6093375}.Release|Any CPU.ActiveCfg = Release|Any CPU
		{3E1CA13A-2F50-4470-ABDD-F8DAB6093375}.Release|Any CPU.Build.0 = Release|Any CPU
	EndGlobalSection
	GlobalSection(SolutionProperties) = preSolution
		HideSolutionNode = FALSE
	EndGlobalSection
	GlobalSection(ExtensibilityGlobals) = postSolution
		SolutionGuid = {F679E6B0-6B10-418C-9562-72081FCD4CC3}
	EndGlobalSection
EndGlobal
